
Microsoft Visual Studio Solution File, Format Version 12.00
# Visual Studio Version 17
VisualStudioVersion = 17.10.35027.167
MinimumVisualStudioVersion = 10.0.40219.1
Project("{FAE04EC0-301F-11D3-BF4B-00C04F79EFBC}") = "AonFreelancing", "AonFreelancing.csproj", "{349622D4-C901-4FCB-ACF1-7150DD54DB78}"
EndProject
Global
	GlobalSection(SolutionConfigurationPlatforms) = preSolution
		Debug|Any CPU = Debug|Any CPU
		Release|Any CPU = Release|Any CPU
	EndGlobalSection
	GlobalSection(ProjectConfigurationPlatforms) = postSolution
		{349622D4-C901-4FCB-ACF1-7150DD54DB78}.Debug|Any CPU.ActiveCfg = Debug|Any CPU
		{349622D4-C901-4FCB-ACF1-7150DD54DB78}.Debug|Any CPU.Build.0 = Debug|Any CPU
		{349622D4-C901-4FCB-ACF1-7150DD54DB78}.Release|Any CPU.ActiveCfg = Release|Any CPU
		{349622D4-C901-4FCB-ACF1-7150DD54DB78}.Release|Any CPU.Build.0 = Release|Any CPU
	EndGlobalSection
	GlobalSection(SolutionProperties) = preSolution
		HideSolutionNode = FALSE
	EndGlobalSection
	GlobalSection(ExtensibilityGlobals) = postSolution
		SolutionGuid = {BEED6019-5618-4915-BF32-C3D82F4881AF}
	EndGlobalSection
EndGlobal
